// !$*UTF8*$!
{
	archiveVersion = 1;
	classes = {
	};
	objectVersion = 46;
	objects = {

/* Begin PBXBuildFile section */
		58882DE819ACCA3F00AA66F1 /* NodeTest.swift in Sources */ = {isa = PBXBuildFile; fileRef = 58882DE719ACCA3F00AA66F1 /* NodeTest.swift */; };
		58882DE919ACD04F00AA66F1 /* Node.swift in Sources */ = {isa = PBXBuildFile; fileRef = 58A922DF19AA6E07001161F2 /* Node.swift */; };
		589A0345186614290093B535 /* Foundation.framework in Frameworks */ = {isa = PBXBuildFile; fileRef = 589A0344186614280093B535 /* Foundation.framework */; };
		589A0348186614290093B535 /* main.swift in Sources */ = {isa = PBXBuildFile; fileRef = 589A0347186614290093B535 /* main.swift */; };
		589A037D1867718B0093B535 /* XCTest.framework in Frameworks */ = {isa = PBXBuildFile; fileRef = 589A036218676BA70093B535 /* XCTest.framework */; };
		589A03831867718B0093B535 /* InfoPlist.strings in Resources */ = {isa = PBXBuildFile; fileRef = 589A03811867718B0093B535 /* InfoPlist.strings */; };
		58A922E019AA6E07001161F2 /* Node.swift in Sources */ = {isa = PBXBuildFile; fileRef = 58A922DF19AA6E07001161F2 /* Node.swift */; };
		58A9AE6519B11359007D4E3A /* LinkedList.swift in Sources */ = {isa = PBXBuildFile; fileRef = 58A9AE6419B11359007D4E3A /* LinkedList.swift */; };
		58A9AE6719B11F92007D4E3A /* LinkedListTest.swift in Sources */ = {isa = PBXBuildFile; fileRef = 58A9AE6619B11F92007D4E3A /* LinkedListTest.swift */; };
		58A9AE6819B11FFA007D4E3A /* LinkedList.swift in Sources */ = {isa = PBXBuildFile; fileRef = 58A9AE6419B11359007D4E3A /* LinkedList.swift */; };
		58D2E88A19B7558C00A4C40C /* CircularLinkedList.swift in Sources */ = {isa = PBXBuildFile; fileRef = 58D2E88919B7558C00A4C40C /* CircularLinkedList.swift */; };
		58D2E88B19B7558C00A4C40C /* CircularLinkedList.swift in Sources */ = {isa = PBXBuildFile; fileRef = 58D2E88919B7558C00A4C40C /* CircularLinkedList.swift */; };
/* End PBXBuildFile section */

/* Begin PBXContainerItemProxy section */
		589A03871867718B0093B535 /* PBXContainerItemProxy */ = {
			isa = PBXContainerItemProxy;
			containerPortal = 589A0339186614280093B535 /* Project object */;
			proxyType = 1;
			remoteGlobalIDString = 589A0340186614280093B535;
			remoteInfo = Coding_ObjectiveC;
		};
/* End PBXContainerItemProxy section */

/* Begin PBXCopyFilesBuildPhase section */
		589A033F186614280093B535 /* CopyFiles */ = {
			isa = PBXCopyFilesBuildPhase;
			buildActionMask = 2147483647;
			dstPath = /usr/share/man/man1/;
			dstSubfolderSpec = 0;
			files = (
			);
			runOnlyForDeploymentPostprocessing = 1;
		};
/* End PBXCopyFilesBuildPhase section */

/* Begin PBXFileReference section */
		58882DE619ACCA3D00AA66F1 /* Coding_ObjectiveC Tests-Bridging-Header.h */ = {isa = PBXFileReference; lastKnownFileType = sourcecode.c.h; path = "Coding_ObjectiveC Tests-Bridging-Header.h"; sourceTree = "<group>"; };
		58882DE719ACCA3F00AA66F1 /* NodeTest.swift */ = {isa = PBXFileReference; fileEncoding = 4; lastKnownFileType = sourcecode.swift; path = NodeTest.swift; sourceTree = "<group>"; };
		589A0341186614280093B535 /* Coding_ObjectiveC */ = {isa = PBXFileReference; explicitFileType = "compiled.mach-o.executable"; includeInIndex = 0; path = Coding_ObjectiveC; sourceTree = BUILT_PRODUCTS_DIR; };
		589A0344186614280093B535 /* Foundation.framework */ = {isa = PBXFileReference; lastKnownFileType = wrapper.framework; name = Foundation.framework; path = System/Library/Frameworks/Foundation.framework; sourceTree = SDKROOT; };
		589A0347186614290093B535 /* main.swift */ = {isa = PBXFileReference; lastKnownFileType = sourcecode.swift; path = main.swift; sourceTree = "<group>"; };
		589A034A186614290093B535 /* Coding_ObjectiveC-Prefix.pch */ = {isa = PBXFileReference; lastKnownFileType = sourcecode.c.h; path = "Coding_ObjectiveC-Prefix.pch"; sourceTree = "<group>"; };
		589A036218676BA70093B535 /* XCTest.framework */ = {isa = PBXFileReference; lastKnownFileType = wrapper.framework; name = XCTest.framework; path = Library/Frameworks/XCTest.framework; sourceTree = DEVELOPER_DIR; };
		589A036518676BA70093B535 /* UIKit.framework */ = {isa = PBXFileReference; lastKnownFileType = wrapper.framework; name = UIKit.framework; path = Library/Frameworks/UIKit.framework; sourceTree = DEVELOPER_DIR; };
		589A036918676BA70093B535 /* Coding_ObjectiveC Tests-Info.plist */ = {isa = PBXFileReference; lastKnownFileType = text.plist.xml; path = "Coding_ObjectiveC Tests-Info.plist"; sourceTree = "<group>"; };
		589A036B18676BA70093B535 /* en */ = {isa = PBXFileReference; lastKnownFileType = text.plist.strings; name = en; path = en.lproj/InfoPlist.strings; sourceTree = "<group>"; };
		589A036F18676BA70093B535 /* Coding_ObjectiveC Tests-Prefix.pch */ = {isa = PBXFileReference; lastKnownFileType = sourcecode.c.h; path = "Coding_ObjectiveC Tests-Prefix.pch"; sourceTree = "<group>"; };
		589A037C1867718B0093B535 /* Coding_ObjectiveC Tests.xctest */ = {isa = PBXFileReference; explicitFileType = wrapper.cfbundle; includeInIndex = 0; path = "Coding_ObjectiveC Tests.xctest"; sourceTree = BUILT_PRODUCTS_DIR; };
		589A03801867718B0093B535 /* Coding_ObjectiveC Tests-Info.plist */ = {isa = PBXFileReference; lastKnownFileType = text.plist.xml; path = "Coding_ObjectiveC Tests-Info.plist"; sourceTree = "<group>"; };
		589A03821867718B0093B535 /* en */ = {isa = PBXFileReference; lastKnownFileType = text.plist.strings; name = en; path = en.lproj/InfoPlist.strings; sourceTree = "<group>"; };
		589A03841867718B0093B535 /* Coding_ObjectiveC_Tests.m */ = {isa = PBXFileReference; lastKnownFileType = sourcecode.c.objc; path = Coding_ObjectiveC_Tests.m; sourceTree = "<group>"; };
		589A03861867718B0093B535 /* Coding_ObjectiveC Tests-Prefix.pch */ = {isa = PBXFileReference; lastKnownFileType = sourcecode.c.h; path = "Coding_ObjectiveC Tests-Prefix.pch"; sourceTree = "<group>"; };
		58A5CB2A18871D0D00113846 /* CircularLinkedList_Tests.m */ = {isa = PBXFileReference; fileEncoding = 4; lastKnownFileType = sourcecode.c.objc; path = CircularLinkedList_Tests.m; sourceTree = "<group>"; };
		58A922DE19AA6E06001161F2 /* Coding_ObjectiveC-Bridging-Header.h */ = {isa = PBXFileReference; lastKnownFileType = sourcecode.c.h; name = "Coding_ObjectiveC-Bridging-Header.h"; path = "../Coding_ObjectiveC/Coding_ObjectiveC-Bridging-Header.h"; sourceTree = "<group>"; };
		58A922DF19AA6E07001161F2 /* Node.swift */ = {isa = PBXFileReference; fileEncoding = 4; lastKnownFileType = sourcecode.swift; path = Node.swift; sourceTree = "<group>"; };
		58A9AE6419B11359007D4E3A /* LinkedList.swift */ = {isa = PBXFileReference; fileEncoding = 4; lastKnownFileType = sourcecode.swift; path = LinkedList.swift; sourceTree = "<group>"; };
		58A9AE6619B11F92007D4E3A /* LinkedListTest.swift */ = {isa = PBXFileReference; fileEncoding = 4; lastKnownFileType = sourcecode.swift; path = LinkedListTest.swift; sourceTree = "<group>"; };
		58D2E88919B7558C00A4C40C /* CircularLinkedList.swift */ = {isa = PBXFileReference; fileEncoding = 4; lastKnownFileType = sourcecode.swift; path = CircularLinkedList.swift; sourceTree = "<group>"; };
/* End PBXFileReference section */

/* Begin PBXFrameworksBuildPhase section */
		589A033E186614280093B535 /* Frameworks */ = {
			isa = PBXFrameworksBuildPhase;
			buildActionMask = 2147483647;
			files = (
				589A0345186614290093B535 /* Foundation.framework in Frameworks */,
			);
			runOnlyForDeploymentPostprocessing = 0;
		};
		589A03791867718B0093B535 /* Frameworks */ = {
			isa = PBXFrameworksBuildPhase;
			buildActionMask = 2147483647;
			files = (
				589A037D1867718B0093B535 /* XCTest.framework in Frameworks */,
			);
			runOnlyForDeploymentPostprocessing = 0;
		};
/* End PBXFrameworksBuildPhase section */

/* Begin PBXGroup section */
		589A0338186614280093B535 = {
			isa = PBXGroup;
			children = (
				589A0346186614290093B535 /* Coding_ObjectiveC */,
				589A036718676BA70093B535 /* Coding_ObjectiveC Tests */,
				589A037E1867718B0093B535 /* Coding_ObjectiveC Tests */,
				589A0343186614280093B535 /* Frameworks */,
				589A0342186614280093B535 /* Products */,
			);
			sourceTree = "<group>";
		};
		589A0342186614280093B535 /* Products */ = {
			isa = PBXGroup;
			children = (
				589A0341186614280093B535 /* Coding_ObjectiveC */,
				589A037C1867718B0093B535 /* Coding_ObjectiveC Tests.xctest */,
			);
			name = Products;
			sourceTree = "<group>";
		};
		589A0343186614280093B535 /* Frameworks */ = {
			isa = PBXGroup;
			children = (
				589A0344186614280093B535 /* Foundation.framework */,
				589A036218676BA70093B535 /* XCTest.framework */,
				589A036518676BA70093B535 /* UIKit.framework */,
			);
			name = Frameworks;
			sourceTree = "<group>";
		};
		589A0346186614290093B535 /* Coding_ObjectiveC */ = {
			isa = PBXGroup;
			children = (
				589A0347186614290093B535 /* main.swift */,
				589A0355186614670093B535 /* Classes */,
				589A035918661E100093B535 /* Protocols */,
				589A0349186614290093B535 /* Supporting Files */,
			);
			path = Coding_ObjectiveC;
			sourceTree = "<group>";
		};
		589A0349186614290093B535 /* Supporting Files */ = {
			isa = PBXGroup;
			children = (
				589A034A186614290093B535 /* Coding_ObjectiveC-Prefix.pch */,
			);
			name = "Supporting Files";
			sourceTree = "<group>";
		};
		589A0355186614670093B535 /* Classes */ = {
			isa = PBXGroup;
			children = (
				58A922DF19AA6E07001161F2 /* Node.swift */,
				58A9AE6419B11359007D4E3A /* LinkedList.swift */,
				58D2E88919B7558C00A4C40C /* CircularLinkedList.swift */,
			);
			name = Classes;
			sourceTree = "<group>";
		};
		589A035918661E100093B535 /* Protocols */ = {
			isa = PBXGroup;
			children = (
			);
			name = Protocols;
			sourceTree = "<group>";
		};
		589A036718676BA70093B535 /* Coding_ObjectiveC Tests */ = {
			isa = PBXGroup;
			children = (
				58882DE719ACCA3F00AA66F1 /* NodeTest.swift */,
				58A9AE6619B11F92007D4E3A /* LinkedListTest.swift */,
				58A5CB2A18871D0D00113846 /* CircularLinkedList_Tests.m */,
				589A036818676BA70093B535 /* Supporting Files */,
			);
			path = "Coding_ObjectiveC Tests";
			sourceTree = "<group>";
		};
		589A036818676BA70093B535 /* Supporting Files */ = {
			isa = PBXGroup;
			children = (
				589A036918676BA70093B535 /* Coding_ObjectiveC Tests-Info.plist */,
				589A036A18676BA70093B535 /* InfoPlist.strings */,
				589A036F18676BA70093B535 /* Coding_ObjectiveC Tests-Prefix.pch */,
				58A922DE19AA6E06001161F2 /* Coding_ObjectiveC-Bridging-Header.h */,
				58882DE619ACCA3D00AA66F1 /* Coding_ObjectiveC Tests-Bridging-Header.h */,
			);
			name = "Supporting Files";
			sourceTree = "<group>";
		};
		589A037E1867718B0093B535 /* Coding_ObjectiveC Tests */ = {
			isa = PBXGroup;
			children = (
				589A03841867718B0093B535 /* Coding_ObjectiveC_Tests.m */,
				589A037F1867718B0093B535 /* Supporting Files */,
			);
			path = "Coding_ObjectiveC Tests";
			sourceTree = "<group>";
		};
		589A037F1867718B0093B535 /* Supporting Files */ = {
			isa = PBXGroup;
			children = (
				589A03801867718B0093B535 /* Coding_ObjectiveC Tests-Info.plist */,
				589A03811867718B0093B535 /* InfoPlist.strings */,
				589A03861867718B0093B535 /* Coding_ObjectiveC Tests-Prefix.pch */,
			);
			name = "Supporting Files";
			sourceTree = "<group>";
		};
/* End PBXGroup section */

/* Begin PBXNativeTarget section */
		589A0340186614280093B535 /* Coding_ObjectiveC */ = {
			isa = PBXNativeTarget;
			buildConfigurationList = 589A034F186614290093B535 /* Build configuration list for PBXNativeTarget "Coding_ObjectiveC" */;
			buildPhases = (
				589A033D186614280093B535 /* Sources */,
				589A033E186614280093B535 /* Frameworks */,
				589A033F186614280093B535 /* CopyFiles */,
			);
			buildRules = (
			);
			dependencies = (
			);
			name = Coding_ObjectiveC;
			productName = Coding_ObjectiveC;
			productReference = 589A0341186614280093B535 /* Coding_ObjectiveC */;
			productType = "com.apple.product-type.tool";
		};
		589A037B1867718B0093B535 /* Coding_ObjectiveC Tests */ = {
			isa = PBXNativeTarget;
			buildConfigurationList = 589A03891867718B0093B535 /* Build configuration list for PBXNativeTarget "Coding_ObjectiveC Tests" */;
			buildPhases = (
				589A03781867718B0093B535 /* Sources */,
				589A03791867718B0093B535 /* Frameworks */,
				589A037A1867718B0093B535 /* Resources */,
			);
			buildRules = (
			);
			dependencies = (
				589A03881867718B0093B535 /* PBXTargetDependency */,
			);
			name = "Coding_ObjectiveC Tests";
			productName = "Coding_ObjectiveC Tests";
			productReference = 589A037C1867718B0093B535 /* Coding_ObjectiveC Tests.xctest */;
			productType = "com.apple.product-type.bundle.unit-test";
		};
/* End PBXNativeTarget section */

/* Begin PBXProject section */
		589A0339186614280093B535 /* Project object */ = {
			isa = PBXProject;
			attributes = {
				LastUpgradeCheck = 0600;
				ORGANIZATIONNAME = Alex;
				TargetAttributes = {
					589A037B1867718B0093B535 = {
						TestTargetID = 589A0340186614280093B535;
					};
				};
			};
			buildConfigurationList = 589A033C186614280093B535 /* Build configuration list for PBXProject "Coding_ObjectiveC" */;
			compatibilityVersion = "Xcode 3.2";
			developmentRegion = English;
			hasScannedForEncodings = 0;
			knownRegions = (
				en,
			);
			mainGroup = 589A0338186614280093B535;
			productRefGroup = 589A0342186614280093B535 /* Products */;
			projectDirPath = "";
			projectRoot = "";
			targets = (
				589A0340186614280093B535 /* Coding_ObjectiveC */,
				589A037B1867718B0093B535 /* Coding_ObjectiveC Tests */,
			);
		};
/* End PBXProject section */

/* Begin PBXResourcesBuildPhase section */
		589A037A1867718B0093B535 /* Resources */ = {
			isa = PBXResourcesBuildPhase;
			buildActionMask = 2147483647;
			files = (
				589A03831867718B0093B535 /* InfoPlist.strings in Resources */,
			);
			runOnlyForDeploymentPostprocessing = 0;
		};
/* End PBXResourcesBuildPhase section */

/* Begin PBXSourcesBuildPhase section */
		589A033D186614280093B535 /* Sources */ = {
			isa = PBXSourcesBuildPhase;
			buildActionMask = 2147483647;
			files = (
				58A9AE6519B11359007D4E3A /* LinkedList.swift in Sources */,
				58A922E019AA6E07001161F2 /* Node.swift in Sources */,
				589A0348186614290093B535 /* main.swift in Sources */,
				58D2E88A19B7558C00A4C40C /* CircularLinkedList.swift in Sources */,
			);
			runOnlyForDeploymentPostprocessing = 0;
		};
		589A03781867718B0093B535 /* Sources */ = {
			isa = PBXSourcesBuildPhase;
			buildActionMask = 2147483647;
			files = (
				58A9AE6819B11FFA007D4E3A /* LinkedList.swift in Sources */,
				58882DE919ACD04F00AA66F1 /* Node.swift in Sources */,
				58882DE819ACCA3F00AA66F1 /* NodeTest.swift in Sources */,
				58D2E88B19B7558C00A4C40C /* CircularLinkedList.swift in Sources */,
				58A9AE6719B11F92007D4E3A /* LinkedListTest.swift in Sources */,
			);
			runOnlyForDeploymentPostprocessing = 0;
		};
/* End PBXSourcesBuildPhase section */

/* Begin PBXTargetDependency section */
		589A03881867718B0093B535 /* PBXTargetDependency */ = {
			isa = PBXTargetDependency;
			target = 589A0340186614280093B535 /* Coding_ObjectiveC */;
			targetProxy = 589A03871867718B0093B535 /* PBXContainerItemProxy */;
		};
/* End PBXTargetDependency section */

/* Begin PBXVariantGroup section */
		589A036A18676BA70093B535 /* InfoPlist.strings */ = {
			isa = PBXVariantGroup;
			children = (
				589A036B18676BA70093B535 /* en */,
			);
			name = InfoPlist.strings;
			sourceTree = "<group>";
		};
		589A03811867718B0093B535 /* InfoPlist.strings */ = {
			isa = PBXVariantGroup;
			children = (
				589A03821867718B0093B535 /* en */,
			);
			name = InfoPlist.strings;
			sourceTree = "<group>";
		};
/* End PBXVariantGroup section */

/* Begin XCBuildConfiguration section */
		589A034D186614290093B535 /* Debug */ = {
			isa = XCBuildConfiguration;
			buildSettings = {
				ALWAYS_SEARCH_USER_PATHS = NO;
				CLANG_CXX_LANGUAGE_STANDARD = "gnu++0x";
				CLANG_CXX_LIBRARY = "libc++";
				CLANG_ENABLE_OBJC_ARC = YES;
				CLANG_WARN_BOOL_CONVERSION = YES;
				CLANG_WARN_CONSTANT_CONVERSION = YES;
				CLANG_WARN_DIRECT_OBJC_ISA_USAGE = YES_ERROR;
				CLANG_WARN_EMPTY_BODY = YES;
				CLANG_WARN_ENUM_CONVERSION = YES;
				CLANG_WARN_INT_CONVERSION = YES;
				CLANG_WARN_OBJC_ROOT_CLASS = YES_ERROR;
				CLANG_WARN__DUPLICATE_METHOD_MATCH = YES;
				COPY_PHASE_STRIP = NO;
				GCC_C_LANGUAGE_STANDARD = gnu99;
				GCC_DYNAMIC_NO_PIC = NO;
				GCC_ENABLE_OBJC_EXCEPTIONS = YES;
				GCC_OPTIMIZATION_LEVEL = 0;
				GCC_PREPROCESSOR_DEFINITIONS = (
					"DEBUG=1",
					"$(inherited)",
				);
				GCC_SYMBOLS_PRIVATE_EXTERN = NO;
				GCC_WARN_64_TO_32_BIT_CONVERSION = YES;
				GCC_WARN_ABOUT_RETURN_TYPE = YES_ERROR;
				GCC_WARN_UNDECLARED_SELECTOR = YES;
				GCC_WARN_UNINITIALIZED_AUTOS = YES;
				GCC_WARN_UNUSED_FUNCTION = YES;
				GCC_WARN_UNUSED_VARIABLE = YES;
				MACOSX_DEPLOYMENT_TARGET = 10.9;
				ONLY_ACTIVE_ARCH = YES;
				SDKROOT = macosx;
			};
			name = Debug;
		};
		589A034E186614290093B535 /* Release */ = {
			isa = XCBuildConfiguration;
			buildSettings = {
				ALWAYS_SEARCH_USER_PATHS = NO;
				CLANG_CXX_LANGUAGE_STANDARD = "gnu++0x";
				CLANG_CXX_LIBRARY = "libc++";
				CLANG_ENABLE_OBJC_ARC = YES;
				CLANG_WARN_BOOL_CONVERSION = YES;
				CLANG_WARN_CONSTANT_CONVERSION = YES;
				CLANG_WARN_DIRECT_OBJC_ISA_USAGE = YES_ERROR;
				CLANG_WARN_EMPTY_BODY = YES;
				CLANG_WARN_ENUM_CONVERSION = YES;
				CLANG_WARN_INT_CONVERSION = YES;
				CLANG_WARN_OBJC_ROOT_CLASS = YES_ERROR;
				CLANG_WARN__DUPLICATE_METHOD_MATCH = YES;
				COPY_PHASE_STRIP = YES;
				DEBUG_INFORMATION_FORMAT = "dwarf-with-dsym";
				ENABLE_NS_ASSERTIONS = NO;
				GCC_C_LANGUAGE_STANDARD = gnu99;
				GCC_ENABLE_OBJC_EXCEPTIONS = YES;
				GCC_WARN_64_TO_32_BIT_CONVERSION = YES;
				GCC_WARN_ABOUT_RETURN_TYPE = YES_ERROR;
				GCC_WARN_UNDECLARED_SELECTOR = YES;
				GCC_WARN_UNINITIALIZED_AUTOS = YES;
				GCC_WARN_UNUSED_FUNCTION = YES;
				GCC_WARN_UNUSED_VARIABLE = YES;
				MACOSX_DEPLOYMENT_TARGET = 10.9;
				SDKROOT = macosx;
			};
			name = Release;
		};
		589A0350186614290093B535 /* Debug */ = {
			isa = XCBuildConfiguration;
			buildSettings = {
				CLANG_ENABLE_MODULES = YES;
				GCC_PRECOMPILE_PREFIX_HEADER = YES;
				GCC_PREFIX_HEADER = "Coding_ObjectiveC/Coding_ObjectiveC-Prefix.pch";
				LD_RUNPATH_SEARCH_PATHS = "$(inherited) @executable_path/../Frameworks @loader_path/../Frameworks";
				PRODUCT_NAME = "$(TARGET_NAME)";
				SWIFT_OBJC_BRIDGING_HEADER = "Coding_ObjectiveC/Coding_ObjectiveC-Bridging-Header.h";
				SWIFT_OPTIMIZATION_LEVEL = "-Onone";
			};
			name = Debug;
		};
		589A0351186614290093B535 /* Release */ = {
			isa = XCBuildConfiguration;
			buildSettings = {
				CLANG_ENABLE_MODULES = YES;
				GCC_PRECOMPILE_PREFIX_HEADER = YES;
				GCC_PREFIX_HEADER = "Coding_ObjectiveC/Coding_ObjectiveC-Prefix.pch";
				LD_RUNPATH_SEARCH_PATHS = "$(inherited) @executable_path/../Frameworks @loader_path/../Frameworks";
				PRODUCT_NAME = "$(TARGET_NAME)";
				SWIFT_OBJC_BRIDGING_HEADER = "Coding_ObjectiveC/Coding_ObjectiveC-Bridging-Header.h";
			};
			name = Release;
		};
		589A038A1867718B0093B535 /* Debug */ = {
			isa = XCBuildConfiguration;
			buildSettings = {
				CLANG_ENABLE_MODULES = YES;
				COMBINE_HIDPI_IMAGES = YES;
				FRAMEWORK_SEARCH_PATHS = (
					"$(DEVELOPER_FRAMEWORKS_DIR)",
					"$(inherited)",
				);
				GCC_PRECOMPILE_PREFIX_HEADER = YES;
				GCC_PREFIX_HEADER = "Coding_ObjectiveC Tests/Coding_ObjectiveC Tests-Prefix.pch";
				GCC_PREPROCESSOR_DEFINITIONS = (
					"DEBUG=1",
					"$(inherited)",
				);
				INFOPLIST_FILE = "Coding_ObjectiveC Tests/Coding_ObjectiveC Tests-Info.plist";
				LD_RUNPATH_SEARCH_PATHS = "$(inherited) @executable_path/../Frameworks @loader_path/../Frameworks";
				PRODUCT_NAME = "$(TARGET_NAME)";
				SWIFT_OBJC_BRIDGING_HEADER = "Coding_ObjectiveC Tests/Coding_ObjectiveC Tests-Bridging-Header.h";
				SWIFT_OPTIMIZATION_LEVEL = "-Onone";
				WRAPPER_EXTENSION = xctest;
			};
			name = Debug;
		};
		589A038B1867718B0093B535 /* Release */ = {
			isa = XCBuildConfiguration;
			buildSettings = {
				CLANG_ENABLE_MODULES = YES;
				COMBINE_HIDPI_IMAGES = YES;
				FRAMEWORK_SEARCH_PATHS = (
					"$(DEVELOPER_FRAMEWORKS_DIR)",
					"$(inherited)",
				);
				GCC_PRECOMPILE_PREFIX_HEADER = YES;
				GCC_PREFIX_HEADER = "Coding_ObjectiveC Tests/Coding_ObjectiveC Tests-Prefix.pch";
				INFOPLIST_FILE = "Coding_ObjectiveC Tests/Coding_ObjectiveC Tests-Info.plist";
				LD_RUNPATH_SEARCH_PATHS = "$(inherited) @executable_path/../Frameworks @loader_path/../Frameworks";
				PRODUCT_NAME = "$(TARGET_NAME)";
				SWIFT_OBJC_BRIDGING_HEADER = "Coding_ObjectiveC Tests/Coding_ObjectiveC Tests-Bridging-Header.h";
				WRAPPER_EXTENSION = xctest;
			};
			name = Release;
		};
/* End XCBuildConfiguration section */

/* Begin XCConfigurationList section */
		589A033C186614280093B535 /* Build configuration list for PBXProject "Coding_ObjectiveC" */ = {
			isa = XCConfigurationList;
			buildConfigurations = (
				589A034D186614290093B535 /* Debug */,
				589A034E186614290093B535 /* Release */,
			);
			defaultConfigurationIsVisible = 0;
			defaultConfigurationName = Release;
		};
		589A034F186614290093B535 /* Build configuration list for PBXNativeTarget "Coding_ObjectiveC" */ = {
			isa = XCConfigurationList;
			buildConfigurations = (
				589A0350186614290093B535 /* Debug */,
				589A0351186614290093B535 /* Release */,
			);
			defaultConfigurationIsVisible = 0;
			defaultConfigurationName = Release;
		};
		589A03891867718B0093B535 /* Build configuration list for PBXNativeTarget "Coding_ObjectiveC Tests" */ = {
			isa = XCConfigurationList;
			buildConfigurations = (
				589A038A1867718B0093B535 /* Debug */,
				589A038B1867718B0093B535 /* Release */,
			);
			defaultConfigurationIsVisible = 0;
			defaultConfigurationName = Release;
		};
/* End XCConfigurationList section */
	};
	rootObject = 589A0339186614280093B535 /* Project object */;
}
